
Microsoft Visual Studio Solution File, Format Version 12.00
# Visual Studio Version 17
VisualStudioVersion = 17.7.34031.279
MinimumVisualStudioVersion = 10.0.40219.1
Project("{2150E333-8FDC-42A3-9474-1A3956D46DE8}") = "Services", "Services", "{91D5CEA4-AF9B-4FF8-9AF1-13A652E54F71}"
EndProject
Project("{2150E333-8FDC-42A3-9474-1A3956D46DE8}") = "Catalog", "Catalog", "{026EC4E6-642F-46DE-B3B7-D81E228D1218}"
EndProject
Project("{9A19103F-16F7-4668-BE54-9A1E7A4F7556}") = "Catalog.API", "Catalog\Catalog.API\Catalog.API.csproj", "{3C297FEF-37E3-4D84-84AA-9D33EADAF8CE}"
EndProject
Project("{9A19103F-16F7-4668-BE54-9A1E7A4F7556}") = "Catalog.Core", "Catalog\Catalog.Core\Catalog.Core.csproj", "{C41C5C8B-08B8-4504-B7E2-93D92100CAC3}"
EndProject
Project("{9A19103F-16F7-4668-BE54-9A1E7A4F7556}") = "Catalog.Application", "Catalog\Catalog.Application\Catalog.Application.csproj", "{078C1BD6-9210-4863-9368-035D8FCE8774}"
EndProject
Project("{9A19103F-16F7-4668-BE54-9A1E7A4F7556}") = "Catalog.Infrastructure", "Catalog\Catalog.Infrastructure\Catalog.Infrastructure.csproj", "{0DBB7F29-74B5-4342-BCB3-897BC43BBEE2}"
EndProject
Project("{E53339B2-1760-4266-BCC7-CA923CBCF16C}") = "docker-compose", "docker-compose.dcproj", "{CAEB777A-94FA-4D39-8D0E-298BA96C54FC}"
EndProject
Project("{2150E333-8FDC-42A3-9474-1A3956D46DE8}") = "Basket", "Basket", "{80386288-A597-42EB-B6F1-E4475E8B48EF}"
EndProject
Project("{9A19103F-16F7-4668-BE54-9A1E7A4F7556}") = "Basket.Application", "Basket\Basket.Application\Basket.Application.csproj", "{B9E7218A-2399-40B5-933F-9214D914E774}"
EndProject
Project("{9A19103F-16F7-4668-BE54-9A1E7A4F7556}") = "Basket.Core", "Basket\Basket.Core\Basket.Core.csproj", "{4845A147-FF53-469C-9841-1CBA82BE2622}"
EndProject
Project("{9A19103F-16F7-4668-BE54-9A1E7A4F7556}") = "Basket.Infrastructure", "Basket\Basket.Infrastructure\Basket.Infrastructure.csproj", "{2CAB6DEE-E97E-4EE3-A807-0EBE1ADCE3C0}"
EndProject
Project("{9A19103F-16F7-4668-BE54-9A1E7A4F7556}") = "Basket.API", "Basket\Basket.API\Basket.API.csproj", "{B608CECC-F6ED-476D-A108-3F5D634382B8}"
EndProject
Project("{2150E333-8FDC-42A3-9474-1A3956D46DE8}") = "Discount", "Discount", "{AA501E9B-38E0-453C-9358-AD5AF1E808C8}"
EndProject
Project("{9A19103F-16F7-4668-BE54-9A1E7A4F7556}") = "Discount.API", "Discount\Discount.API\Discount.API.csproj", "{83A750D4-C1D8-46F0-9331-6A74A8D3A239}"
	ProjectSection(ProjectDependencies) = postProject
		{36704E87-6BE6-426A-B3A6-3405B6C617E6} = {36704E87-6BE6-426A-B3A6-3405B6C617E6}
	EndProjectSection
EndProject
Project("{9A19103F-16F7-4668-BE54-9A1E7A4F7556}") = "Discount.Core", "Discount\Discount.Core\Discount.Core.csproj", "{36704E87-6BE6-426A-B3A6-3405B6C617E6}"
EndProject
Project("{9A19103F-16F7-4668-BE54-9A1E7A4F7556}") = "Discount.Application", "Discount\Discount.Application\Discount.Application.csproj", "{426CF6AC-FF0D-40CB-8069-B2ECF16748CF}"
EndProject
Project("{9A19103F-16F7-4668-BE54-9A1E7A4F7556}") = "Discount.Infrastructure", "Discount\Discount.Infrastructure\Discount.Infrastructure.csproj", "{9F8D5B53-8951-42E9-961E-C7D974E4438D}"
EndProject
Project("{2150E333-8FDC-42A3-9474-1A3956D46DE8}") = "Ordering", "Ordering", "{86FCEF49-6873-4672-A881-A2596E334F75}"
EndProject
Project("{9A19103F-16F7-4668-BE54-9A1E7A4F7556}") = "Ordering.API", "Ordering\Ordering.API\Ordering.API.csproj", "{89440027-CFF0-496D-91F6-152A5A26BBBD}"
EndProject
Project("{9A19103F-16F7-4668-BE54-9A1E7A4F7556}") = "Ordering.Core", "Ordering\Ordering.Core\Ordering.Core.csproj", "{98DC2DC7-3012-4566-A263-C40F275DDC50}"
EndProject
Project("{9A19103F-16F7-4668-BE54-9A1E7A4F7556}") = "Ordering.Application", "Ordering\Ordering.Application\Ordering.Application.csproj", "{7D40A56E-F25E-4181-8C89-2A10F0205365}"
EndProject
Project("{9A19103F-16F7-4668-BE54-9A1E7A4F7556}") = "Ordering.Infrastructure", "Ordering\Ordering.Infrastructure\Ordering.Infrastructure.csproj", "{57AD2234-0557-4AD0-AA39-D8FA23B1789D}"
EndProject
Project("{2150E333-8FDC-42A3-9474-1A3956D46DE8}") = "Infrastructure", "Infrastructure", "{3789C659-559F-451B-BB54-53E299EC851C}"
EndProject
Project("{9A19103F-16F7-4668-BE54-9A1E7A4F7556}") = "EventBus.Messages", "Infrastructure\EventBus.Messages\EventBus.Messages.csproj", "{1797DF0C-AF75-4A3C-BAB9-D5A442A21C95}"
EndProject
Project("{2150E333-8FDC-42A3-9474-1A3956D46DE8}") = "ApiGateways", "ApiGateways", "{F9A2D348-B428-434C-884C-A5791D0E5B67}"
EndProject
Project("{FAE04EC0-301F-11D3-BF4B-00C04F79EFBC}") = "Ocelot.ApiGateway", "ApiGateways\Ocelot.ApiGateway\Ocelot.ApiGateway.csproj", "{E1078CF0-45BE-4A2E-AC06-866A727A22D6}"
EndProject
Global
	GlobalSection(SolutionConfigurationPlatforms) = preSolution
		Debug|Any CPU = Debug|Any CPU
		Release|Any CPU = Release|Any CPU
	EndGlobalSection
	GlobalSection(ProjectConfigurationPlatforms) = postSolution
		{3C297FEF-37E3-4D84-84AA-9D33EADAF8CE}.Debug|Any CPU.ActiveCfg = Debug|Any CPU
		{3C297FEF-37E3-4D84-84AA-9D33EADAF8CE}.Debug|Any CPU.Build.0 = Debug|Any CPU
		{3C297FEF-37E3-4D84-84AA-9D33EADAF8CE}.Release|Any CPU.ActiveCfg = Release|Any CPU
		{3C297FEF-37E3-4D84-84AA-9D33EADAF8CE}.Release|Any CPU.Build.0 = Release|Any CPU
		{C41C5C8B-08B8-4504-B7E2-93D92100CAC3}.Debug|Any CPU.ActiveCfg = Debug|Any CPU
		{C41C5C8B-08B8-4504-B7E2-93D92100CAC3}.Debug|Any CPU.Build.0 = Debug|Any CPU
		{C41C5C8B-08B8-4504-B7E2-93D92100CAC3}.Release|Any CPU.ActiveCfg = Release|Any CPU
		{C41C5C8B-08B8-4504-B7E2-93D92100CAC3}.Release|Any CPU.Build.0 = Release|Any CPU
		{078C1BD6-9210-4863-9368-035D8FCE8774}.Debug|Any CPU.ActiveCfg = Debug|Any CPU
		{078C1BD6-9210-4863-9368-035D8FCE8774}.Debug|Any CPU.Build.0 = Debug|Any CPU
		{078C1BD6-9210-4863-9368-035D8FCE8774}.Release|Any CPU.ActiveCfg = Release|Any CPU
		{078C1BD6-9210-4863-9368-035D8FCE8774}.Release|Any CPU.Build.0 = Release|Any CPU
		{0DBB7F29-74B5-4342-BCB3-897BC43BBEE2}.Debug|Any CPU.ActiveCfg = Debug|Any CPU
		{0DBB7F29-74B5-4342-BCB3-897BC43BBEE2}.Debug|Any CPU.Build.0 = Debug|Any CPU
		{0DBB7F29-74B5-4342-BCB3-897BC43BBEE2}.Release|Any CPU.ActiveCfg = Release|Any CPU
		{0DBB7F29-74B5-4342-BCB3-897BC43BBEE2}.Release|Any CPU.Build.0 = Release|Any CPU
		{CAEB777A-94FA-4D39-8D0E-298BA96C54FC}.Debug|Any CPU.ActiveCfg = Debug|Any CPU
		{CAEB777A-94FA-4D39-8D0E-298BA96C54FC}.Debug|Any CPU.Build.0 = Debug|Any CPU
		{CAEB777A-94FA-4D39-8D0E-298BA96C54FC}.Release|Any CPU.ActiveCfg = Release|Any CPU
		{CAEB777A-94FA-4D39-8D0E-298BA96C54FC}.Release|Any CPU.Build.0 = Release|Any CPU
		{B9E7218A-2399-40B5-933F-9214D914E774}.Debug|Any CPU.ActiveCfg = Debug|Any CPU
		{B9E7218A-2399-40B5-933F-9214D914E774}.Debug|Any CPU.Build.0 = Debug|Any CPU
		{B9E7218A-2399-40B5-933F-9214D914E774}.Release|Any CPU.ActiveCfg = Release|Any CPU
		{B9E7218A-2399-40B5-933F-9214D914E774}.Release|Any CPU.Build.0 = Release|Any CPU
		{4845A147-FF53-469C-9841-1CBA82BE2622}.Debug|Any CPU.ActiveCfg = Debug|Any CPU
		{4845A147-FF53-469C-9841-1CBA82BE2622}.Debug|Any CPU.Build.0 = Debug|Any CPU
		{4845A147-FF53-469C-9841-1CBA82BE2622}.Release|Any CPU.ActiveCfg = Release|Any CPU
		{4845A147-FF53-469C-9841-1CBA82BE2622}.Release|Any CPU.Build.0 = Release|Any CPU
		{2CAB6DEE-E97E-4EE3-A807-0EBE1ADCE3C0}.Debug|Any CPU.ActiveCfg = Debug|Any CPU
		{2CAB6DEE-E97E-4EE3-A807-0EBE1ADCE3C0}.Debug|Any CPU.Build.0 = Debug|Any CPU
		{2CAB6DEE-E97E-4EE3-A807-0EBE1ADCE3C0}.Release|Any CPU.ActiveCfg = Release|Any CPU
		{2CAB6DEE-E97E-4EE3-A807-0EBE1ADCE3C0}.Release|Any CPU.Build.0 = Release|Any CPU
		{B608CECC-F6ED-476D-A108-3F5D634382B8}.Debug|Any CPU.ActiveCfg = Debug|Any CPU
		{B608CECC-F6ED-476D-A108-3F5D634382B8}.Debug|Any CPU.Build.0 = Debug|Any CPU
		{B608CECC-F6ED-476D-A108-3F5D634382B8}.Release|Any CPU.ActiveCfg = Release|Any CPU
		{B608CECC-F6ED-476D-A108-3F5D634382B8}.Release|Any CPU.Build.0 = Release|Any CPU
		{83A750D4-C1D8-46F0-9331-6A74A8D3A239}.Debug|Any CPU.ActiveCfg = Debug|Any CPU
		{83A750D4-C1D8-46F0-9331-6A74A8D3A239}.Debug|Any CPU.Build.0 = Debug|Any CPU
		{83A750D4-C1D8-46F0-9331-6A74A8D3A239}.Release|Any CPU.ActiveCfg = Release|Any CPU
		{83A750D4-C1D8-46F0-9331-6A74A8D3A239}.Release|Any CPU.Build.0 = Release|Any CPU
		{36704E87-6BE6-426A-B3A6-3405B6C617E6}.Debug|Any CPU.ActiveCfg = Debug|Any CPU
		{36704E87-6BE6-426A-B3A6-3405B6C617E6}.Debug|Any CPU.Build.0 = Debug|Any CPU
		{36704E87-6BE6-426A-B3A6-3405B6C617E6}.Release|Any CPU.ActiveCfg = Release|Any CPU
		{36704E87-6BE6-426A-B3A6-3405B6C617E6}.Release|Any CPU.Build.0 = Release|Any CPU
		{426CF6AC-FF0D-40CB-8069-B2ECF16748CF}.Debug|Any CPU.ActiveCfg = Debug|Any CPU
		{426CF6AC-FF0D-40CB-8069-B2ECF16748CF}.Debug|Any CPU.Build.0 = Debug|Any CPU
		{426CF6AC-FF0D-40CB-8069-B2ECF16748CF}.Release|Any CPU.ActiveCfg = Release|Any CPU
		{426CF6AC-FF0D-40CB-8069-B2ECF16748CF}.Release|Any CPU.Build.0 = Release|Any CPU
		{9F8D5B53-8951-42E9-961E-C7D974E4438D}.Debug|Any CPU.ActiveCfg = Debug|Any CPU
		{9F8D5B53-8951-42E9-961E-C7D974E4438D}.Debug|Any CPU.Build.0 = Debug|Any CPU
		{9F8D5B53-8951-42E9-961E-C7D974E4438D}.Release|Any CPU.ActiveCfg = Release|Any CPU
		{9F8D5B53-8951-42E9-961E-C7D974E4438D}.Release|Any CPU.Build.0 = Release|Any CPU
		{89440027-CFF0-496D-91F6-152A5A26BBBD}.Debug|Any CPU.ActiveCfg = Debug|Any CPU
		{89440027-CFF0-496D-91F6-152A5A26BBBD}.Debug|Any CPU.Build.0 = Debug|Any CPU
		{89440027-CFF0-496D-91F6-152A5A26BBBD}.Release|Any CPU.ActiveCfg = Release|Any CPU
		{89440027-CFF0-496D-91F6-152A5A26BBBD}.Release|Any CPU.Build.0 = Release|Any CPU
		{98DC2DC7-3012-4566-A263-C40F275DDC50}.Debug|Any CPU.ActiveCfg = Debug|Any CPU
		{98DC2DC7-3012-4566-A263-C40F275DDC50}.Debug|Any CPU.Build.0 = Debug|Any CPU
		{98DC2DC7-3012-4566-A263-C40F275DDC50}.Release|Any CPU.ActiveCfg = Release|Any CPU
		{98DC2DC7-3012-4566-A263-C40F275DDC50}.Release|Any CPU.Build.0 = Release|Any CPU
		{7D40A56E-F25E-4181-8C89-2A10F0205365}.Debug|Any CPU.ActiveCfg = Debug|Any CPU
		{7D40A56E-F25E-4181-8C89-2A10F0205365}.Debug|Any CPU.Build.0 = Debug|Any CPU
		{7D40A56E-F25E-4181-8C89-2A10F0205365}.Release|Any CPU.ActiveCfg = Release|Any CPU
		{7D40A56E-F25E-4181-8C89-2A10F0205365}.Release|Any CPU.Build.0 = Release|Any CPU
		{57AD2234-0557-4AD0-AA39-D8FA23B1789D}.Debug|Any CPU.ActiveCfg = Debug|Any CPU
		{57AD2234-0557-4AD0-AA39-D8FA23B1789D}.Debug|Any CPU.Build.0 = Debug|Any CPU
		{57AD2234-0557-4AD0-AA39-D8FA23B1789D}.Release|Any CPU.ActiveCfg = Release|Any CPU
		{57AD2234-0557-4AD0-AA39-D8FA23B1789D}.Release|Any CPU.Build.0 = Release|Any CPU
		{1797DF0C-AF75-4A3C-BAB9-D5A442A21C95}.Debug|Any CPU.ActiveCfg = Debug|Any CPU
		{1797DF0C-AF75-4A3C-BAB9-D5A442A21C95}.Debug|Any CPU.Build.0 = Debug|Any CPU
		{1797DF0C-AF75-4A3C-BAB9-D5A442A21C95}.Release|Any CPU.ActiveCfg = Release|Any CPU
		{1797DF0C-AF75-4A3C-BAB9-D5A442A21C95}.Release|Any CPU.Build.0 = Release|Any CPU
		{E1078CF0-45BE-4A2E-AC06-866A727A22D6}.Debug|Any CPU.ActiveCfg = Debug|Any CPU
		{E1078CF0-45BE-4A2E-AC06-866A727A22D6}.Debug|Any CPU.Build.0 = Debug|Any CPU
		{E1078CF0-45BE-4A2E-AC06-866A727A22D6}.Release|Any CPU.ActiveCfg = Release|Any CPU
		{E1078CF0-45BE-4A2E-AC06-866A727A22D6}.Release|Any CPU.Build.0 = Release|Any CPU
	EndGlobalSection
	GlobalSection(SolutionProperties) = preSolution
		HideSolutionNode = FALSE
	EndGlobalSection
	GlobalSection(NestedProjects) = preSolution
		{026EC4E6-642F-46DE-B3B7-D81E228D1218} = {91D5CEA4-AF9B-4FF8-9AF1-13A652E54F71}
		{3C297FEF-37E3-4D84-84AA-9D33EADAF8CE} = {026EC4E6-642F-46DE-B3B7-D81E228D1218}
		{C41C5C8B-08B8-4504-B7E2-93D92100CAC3} = {026EC4E6-642F-46DE-B3B7-D81E228D1218}
		{078C1BD6-9210-4863-9368-035D8FCE8774} = {026EC4E6-642F-46DE-B3B7-D81E228D1218}
		{0DBB7F29-74B5-4342-BCB3-897BC43BBEE2} = {026EC4E6-642F-46DE-B3B7-D81E228D1218}
		{80386288-A597-42EB-B6F1-E4475E8B48EF} = {91D5CEA4-AF9B-4FF8-9AF1-13A652E54F71}
		{B9E7218A-2399-40B5-933F-9214D914E774} = {80386288-A597-42EB-B6F1-E4475E8B48EF}
		{4845A147-FF53-469C-9841-1CBA82BE2622} = {80386288-A597-42EB-B6F1-E4475E8B48EF}
		{2CAB6DEE-E97E-4EE3-A807-0EBE1ADCE3C0} = {80386288-A597-42EB-B6F1-E4475E8B48EF}
		{B608CECC-F6ED-476D-A108-3F5D634382B8} = {80386288-A597-42EB-B6F1-E4475E8B48EF}
		{AA501E9B-38E0-453C-9358-AD5AF1E808C8} = {91D5CEA4-AF9B-4FF8-9AF1-13A652E54F71}
		{83A750D4-C1D8-46F0-9331-6A74A8D3A239} = {AA501E9B-38E0-453C-9358-AD5AF1E808C8}
		{36704E87-6BE6-426A-B3A6-3405B6C617E6} = {AA501E9B-38E0-453C-9358-AD5AF1E808C8}
		{426CF6AC-FF0D-40CB-8069-B2ECF16748CF} = {AA501E9B-38E0-453C-9358-AD5AF1E808C8}
		{9F8D5B53-8951-42E9-961E-C7D974E4438D} = {AA501E9B-38E0-453C-9358-AD5AF1E808C8}
		{86FCEF49-6873-4672-A881-A2596E334F75} = {91D5CEA4-AF9B-4FF8-9AF1-13A652E54F71}
		{89440027-CFF0-496D-91F6-152A5A26BBBD} = {86FCEF49-6873-4672-A881-A2596E334F75}
		{98DC2DC7-3012-4566-A263-C40F275DDC50} = {86FCEF49-6873-4672-A881-A2596E334F75}
		{7D40A56E-F25E-4181-8C89-2A10F0205365} = {86FCEF49-6873-4672-A881-A2596E334F75}
		{57AD2234-0557-4AD0-AA39-D8FA23B1789D} = {86FCEF49-6873-4672-A881-A2596E334F75}
		{1797DF0C-AF75-4A3C-BAB9-D5A442A21C95} = {3789C659-559F-451B-BB54-53E299EC851C}
		{E1078CF0-45BE-4A2E-AC06-866A727A22D6} = {F9A2D348-B428-434C-884C-A5791D0E5B67}
	EndGlobalSection
	GlobalSection(ExtensibilityGlobals) = postSolution
		SolutionGuid = {E2ABB75D-5526-4FFA-AADF-2889350B6BB3}
	EndGlobalSection
EndGlobal
